{
  "version": 4,
  "terraform_version": "1.0.7",
  "serial": 2,
  "lineage": "ef340022-ebbd-2ca8-35e7-538c07db34d7",
  "outputs": {},
  "resources": [
    {
      "mode": "managed",
      "type": "aws_s3_bucket",
      "name": "test",
      "provider": "provider[\"registry.terraform.io/hashicorp/aws\"]",
      "instances": [
        {
          "schema_version": 0,
          "attributes": {
            "acceleration_status": "",
            "acl": null,
            "arn": "arn:aws:s3:::terraform101-inflearn-eomttt",
            "bucket": "terraform101-inflearn-eomttt",
            "bucket_domain_name": "terraform101-inflearn-eomttt.s3.amazonaws.com",
            "bucket_prefix": null,
            "bucket_regional_domain_name": "terraform101-inflearn-eomttt.s3.ap-northeast-2.amazonaws.com",
            "cors_rule": [],
            "force_destroy": null,
            "grant": [],
            "hosted_zone_id": "Z3W03O7B5YMIYP",
            "id": "terraform101-inflearn-eomttt",
            "lifecycle_rule": [],
            "logging": [],
            "object_lock_configuration": [],
            "policy": null,
            "region": "ap-northeast-2",
            "replication_configuration": [],
            "request_payer": "BucketOwner",
            "server_side_encryption_configuration": [],
            "tags": {},
            "tags_all": {},
            "versioning": [
              {
                "enabled": false,
                "mfa_delete": false
              }
            ],
            "website": [],
            "website_domain": null,
            "website_endpoint": null
          },
          "sensitive_attributes": [],
          "private": "eyJzY2hlbWFfdmVyc2lvbiI6IjAifQ=="
        }
      ]
    }
  ]
}
